// !$*UTF8*$!
{
	archiveVersion = 1;
	classes = {
	};
	objectVersion = 46;
	objects = {

/* Begin PBXBuildFile section */
		CF455FCC1B05AC8C00754989 /* main.m in Sources */ = {isa = PBXBuildFile; fileRef = CF455FCB1B05AC8C00754989 /* main.m */; };
		CF455FCF1B05AC8C00754989 /* AppDelegate.m in Sources */ = {isa = PBXBuildFile; fileRef = CF455FCE1B05AC8C00754989 /* AppDelegate.m */; };
		CF455FD21B05AC8C00754989 /* FirstViewController.m in Sources */ = {isa = PBXBuildFile; fileRef = CF455FD11B05AC8C00754989 /* FirstViewController.m */; };
		CF455FD51B05AC8C00754989 /* SecondViewController.m in Sources */ = {isa = PBXBuildFile; fileRef = CF455FD41B05AC8C00754989 /* SecondViewController.m */; };
		CF455FD81B05AC8C00754989 /* Main.storyboard in Resources */ = {isa = PBXBuildFile; fileRef = CF455FD61B05AC8C00754989 /* Main.storyboard */; };
		CF455FDA1B05AC8C00754989 /* Images.xcassets in Resources */ = {isa = PBXBuildFile; fileRef = CF455FD91B05AC8C00754989 /* Images.xcassets */; };
		CF455FDD1B05AC8C00754989 /* LaunchScreen.xib in Resources */ = {isa = PBXBuildFile; fileRef = CF455FDB1B05AC8C00754989 /* LaunchScreen.xib */; };
		CF455FE91B05AC8C00754989 /* TabbedAnimationsTests.m in Sources */ = {isa = PBXBuildFile; fileRef = CF455FE81B05AC8C00754989 /* TabbedAnimationsTests.m */; };
/* End PBXBuildFile section */

/* Begin PBXContainerItemProxy section */
		CF455FE31B05AC8C00754989 /* PBXContainerItemProxy */ = {
			isa = PBXContainerItemProxy;
			containerPortal = CF455FBE1B05AC8C00754989 /* Project object */;
			proxyType = 1;
			remoteGlobalIDString = CF455FC51B05AC8C00754989;
			remoteInfo = TabbedAnimations;
		};
/* End PBXContainerItemProxy section */

/* Begin PBXFileReference section */
		CF455FC61B05AC8C00754989 /* TabbedAnimations.app */ = {isa = PBXFileReference; explicitFileType = wrapper.application; includeInIndex = 0; path = TabbedAnimations.app; sourceTree = BUILT_PRODUCTS_DIR; };
		CF455FCA1B05AC8C00754989 /* Info.plist */ = {isa = PBXFileReference; lastKnownFileType = text.plist.xml; path = Info.plist; sourceTree = "<group>"; };
		CF455FCB1B05AC8C00754989 /* main.m */ = {isa = PBXFileReference; lastKnownFileType = sourcecode.c.objc; path = main.m; sourceTree = "<group>"; };
		CF455FCD1B05AC8C00754989 /* AppDelegate.h */ = {isa = PBXFileReference; lastKnownFileType = sourcecode.c.h; path = AppDelegate.h; sourceTree = "<group>"; };
		CF455FCE1B05AC8C00754989 /* AppDelegate.m */ = {isa = PBXFileReference; lastKnownFileType = sourcecode.c.objc; path = AppDelegate.m; sourceTree = "<group>"; };
		CF455FD01B05AC8C00754989 /* FirstViewController.h */ = {isa = PBXFileReference; lastKnownFileType = sourcecode.c.h; path = FirstViewController.h; sourceTree = "<group>"; };
		CF455FD11B05AC8C00754989 /* FirstViewController.m */ = {isa = PBXFileReference; lastKnownFileType = sourcecode.c.objc; path = FirstViewController.m; sourceTree = "<group>"; };
		CF455FD31B05AC8C00754989 /* SecondViewController.h */ = {isa = PBXFileReference; lastKnownFileType = sourcecode.c.h; path = SecondViewController.h; sourceTree = "<group>"; };
		CF455FD41B05AC8C00754989 /* SecondViewController.m */ = {isa = PBXFileReference; lastKnownFileType = sourcecode.c.objc; path = SecondViewController.m; sourceTree = "<group>"; };
		CF455FD71B05AC8C00754989 /* Base */ = {isa = PBXFileReference; lastKnownFileType = file.storyboard; name = Base; path = Base.lproj/Main.storyboard; sourceTree = "<group>"; };
		CF455FD91B05AC8C00754989 /* Images.xcassets */ = {isa = PBXFileReference; lastKnownFileType = folder.assetcatalog; path = Images.xcassets; sourceTree = "<group>"; };
		CF455FDC1B05AC8C00754989 /* Base */ = {isa = PBXFileReference; lastKnownFileType = file.xib; name = Base; path = Base.lproj/LaunchScreen.xib; sourceTree = "<group>"; };
		CF455FE21B05AC8C00754989 /* TabbedAnimationsTests.xctest */ = {isa = PBXFileReference; explicitFileType = wrapper.cfbundle; includeInIndex = 0; path = TabbedAnimationsTests.xctest; sourceTree = BUILT_PRODUCTS_DIR; };
		CF455FE71B05AC8C00754989 /* Info.plist */ = {isa = PBXFileReference; lastKnownFileType = text.plist.xml; path = Info.plist; sourceTree = "<group>"; };
		CF455FE81B05AC8C00754989 /* TabbedAnimationsTests.m */ = {isa = PBXFileReference; lastKnownFileType = sourcecode.c.objc; path = TabbedAnimationsTests.m; sourceTree = "<group>"; };
/* End PBXFileReference section */

/* Begin PBXFrameworksBuildPhase section */
		CF455FC31B05AC8C00754989 /* Frameworks */ = {
			isa = PBXFrameworksBuildPhase;
			buildActionMask = 2147483647;
			files = (
			);
			runOnlyForDeploymentPostprocessing = 0;
		};
		CF455FDF1B05AC8C00754989 /* Frameworks */ = {
			isa = PBXFrameworksBuildPhase;
			buildActionMask = 2147483647;
			files = (
			);
			runOnlyForDeploymentPostprocessing = 0;
		};
/* End PBXFrameworksBuildPhase section */

/* Begin PBXGroup section */
		CF455FBD1B05AC8C00754989 = {
			isa = PBXGroup;
			children = (
				CF455FC81B05AC8C00754989 /* TabbedAnimations */,
				CF455FE51B05AC8C00754989 /* TabbedAnimationsTests */,
				CF455FC71B05AC8C00754989 /* Products */,
			);
			sourceTree = "<group>";
		};
		CF455FC71B05AC8C00754989 /* Products */ = {
			isa = PBXGroup;
			children = (
				CF455FC61B05AC8C00754989 /* TabbedAnimations.app */,
				CF455FE21B05AC8C00754989 /* TabbedAnimationsTests.xctest */,
			);
			name = Products;
			sourceTree = "<group>";
		};
		CF455FC81B05AC8C00754989 /* TabbedAnimations */ = {
			isa = PBXGroup;
			children = (
				CF455FCD1B05AC8C00754989 /* AppDelegate.h */,
				CF455FCE1B05AC8C00754989 /* AppDelegate.m */,
				CF455FD01B05AC8C00754989 /* FirstViewController.h */,
				CF455FD11B05AC8C00754989 /* FirstViewController.m */,
				CF455FD31B05AC8C00754989 /* SecondViewController.h */,
				CF455FD41B05AC8C00754989 /* SecondViewController.m */,
				CF455FD61B05AC8C00754989 /* Main.storyboard */,
				CF455FD91B05AC8C00754989 /* Images.xcassets */,
				CF455FDB1B05AC8C00754989 /* LaunchScreen.xib */,
				CF455FC91B05AC8C00754989 /* Supporting Files */,
			);
			path = TabbedAnimations;
			sourceTree = "<group>";
		};
		CF455FC91B05AC8C00754989 /* Supporting Files */ = {
			isa = PBXGroup;
			children = (
				CF455FCA1B05AC8C00754989 /* Info.plist */,
				CF455FCB1B05AC8C00754989 /* main.m */,
			);
			name = "Supporting Files";
			sourceTree = "<group>";
		};
		CF455FE51B05AC8C00754989 /* TabbedAnimationsTests */ = {
			isa = PBXGroup;
			children = (
				CF455FE81B05AC8C00754989 /* TabbedAnimationsTests.m */,
				CF455FE61B05AC8C00754989 /* Supporting Files */,
			);
			path = TabbedAnimationsTests;
			sourceTree = "<group>";
		};
		CF455FE61B05AC8C00754989 /* Supporting Files */ = {
			isa = PBXGroup;
			children = (
				CF455FE71B05AC8C00754989 /* Info.plist */,
			);
			name = "Supporting Files";
			sourceTree = "<group>";
		};
/* End PBXGroup section */

/* Begin PBXNativeTarget section */
		CF455FC51B05AC8C00754989 /* TabbedAnimations */ = {
			isa = PBXNativeTarget;
			buildConfigurationList = CF455FEC1B05AC8C00754989 /* Build configuration list for PBXNativeTarget "TabbedAnimations" */;
			buildPhases = (
				CF455FC21B05AC8C00754989 /* Sources */,
				CF455FC31B05AC8C00754989 /* Frameworks */,
				CF455FC41B05AC8C00754989 /* Resources */,
			);
			buildRules = (
			);
			dependencies = (
			);
			name = TabbedAnimations;
			productName = TabbedAnimations;
			productReference = CF455FC61B05AC8C00754989 /* TabbedAnimations.app */;
			productType = "com.apple.product-type.application";
		};
		CF455FE11B05AC8C00754989 /* TabbedAnimationsTests */ = {
			isa = PBXNativeTarget;
			buildConfigurationList = CF455FEF1B05AC8C00754989 /* Build configuration list for PBXNativeTarget "TabbedAnimationsTests" */;
			buildPhases = (
				CF455FDE1B05AC8C00754989 /* Sources */,
				CF455FDF1B05AC8C00754989 /* Frameworks */,
				CF455FE01B05AC8C00754989 /* Resources */,
			);
			buildRules = (
			);
			dependencies = (
				CF455FE41B05AC8C00754989 /* PBXTargetDependency */,
			);
			name = TabbedAnimationsTests;
			productName = TabbedAnimationsTests;
			productReference = CF455FE21B05AC8C00754989 /* TabbedAnimationsTests.xctest */;
			productType = "com.apple.product-type.bundle.unit-test";
		};
/* End PBXNativeTarget section */

/* Begin PBXProject section */
		CF455FBE1B05AC8C00754989 /* Project object */ = {
			isa = PBXProject;
			attributes = {
				LastUpgradeCheck = 0630;
				ORGANIZATIONNAME = "Zakk Hoyt";
				TargetAttributes = {
					CF455FC51B05AC8C00754989 = {
						CreatedOnToolsVersion = 6.3.1;
					};
					CF455FE11B05AC8C00754989 = {
						CreatedOnToolsVersion = 6.3.1;
						TestTargetID = CF455FC51B05AC8C00754989;
					};
				};
			};
			buildConfigurationList = CF455FC11B05AC8C00754989 /* Build configuration list for PBXProject "TabbedAnimations" */;
			compatibilityVersion = "Xcode 3.2";
			developmentRegion = English;
			hasScannedForEncodings = 0;
			knownRegions = (
				en,
				Base,
			);
			mainGroup = CF455FBD1B05AC8C00754989;
			productRefGroup = CF455FC71B05AC8C00754989 /* Products */;
			projectDirPath = "";
			projectRoot = "";
			targets = (
				CF455FC51B05AC8C00754989 /* TabbedAnimations */,
				CF455FE11B05AC8C00754989 /* TabbedAnimationsTests */,
			);
		};
/* End PBXProject section */

/* Begin PBXResourcesBuildPhase section */
		CF455FC41B05AC8C00754989 /* Resources */ = {
			isa = PBXResourcesBuildPhase;
			buildActionMask = 2147483647;
			files = (
				CF455FD81B05AC8C00754989 /* Main.storyboard in Resources */,
				CF455FDD1B05AC8C00754989 /* LaunchScreen.xib in Resources */,
				CF455FDA1B05AC8C00754989 /* Images.xcassets in Resources */,
			);
			runOnlyForDeploymentPostprocessing = 0;
		};
		CF455FE01B05AC8C00754989 /* Resources */ = {
			isa = PBXResourcesBuildPhase;
			buildActionMask = 2147483647;
			files = (
			);
			runOnlyForDeploymentPostprocessing = 0;
		};
/* End PBXResourcesBuildPhase section */

/* Begin PBXSourcesBuildPhase section */
		CF455FC21B05AC8C00754989 /* Sources */ = {
			isa = PBXSourcesBuildPhase;
			buildActionMask = 2147483647;
			files = (
				CF455FD51B05AC8C00754989 /* SecondViewController.m in Sources */,
				CF455FCF1B05AC8C00754989 /* AppDelegate.m in Sources */,
				CF455FD21B05AC8C00754989 /* FirstViewController.m in Sources */,
				CF455FCC1B05AC8C00754989 /* main.m in Sources */,
			);
			runOnlyForDeploymentPostprocessing = 0;
		};
		CF455FDE1B05AC8C00754989 /* Sources */ = {
			isa = PBXSourcesBuildPhase;
			buildActionMask = 2147483647;
			files = (
				CF455FE91B05AC8C00754989 /* TabbedAnimationsTests.m in Sources */,
			);
			runOnlyForDeploymentPostprocessing = 0;
		};
/* End PBXSourcesBuildPhase section */

/* Begin PBXTargetDependency section */
		CF455FE41B05AC8C00754989 /* PBXTargetDependency */ = {
			isa = PBXTargetDependency;
			target = CF455FC51B05AC8C00754989 /* TabbedAnimations */;
			targetProxy = CF455FE31B05AC8C00754989 /* PBXContainerItemProxy */;
		};
/* End PBXTargetDependency section */

/* Begin PBXVariantGroup section */
		CF455FD61B05AC8C00754989 /* Main.storyboard */ = {
			isa = PBXVariantGroup;
			children = (
				CF455FD71B05AC8C00754989 /* Base */,
			);
			name = Main.storyboard;
			sourceTree = "<group>";
		};
		CF455FDB1B05AC8C00754989 /* LaunchScreen.xib */ = {
			isa = PBXVariantGroup;
			children = (
				CF455FDC1B05AC8C00754989 /* Base */,
			);
			name = LaunchScreen.xib;
			sourceTree = "<group>";
		};
/* End PBXVariantGroup section */

/* Begin XCBuildConfiguration section */
		CF455FEA1B05AC8C00754989 /* Debug */ = {
			isa = XCBuildConfiguration;
			buildSettings = {
				ALWAYS_SEARCH_USER_PATHS = NO;
				CLANG_CXX_LANGUAGE_STANDARD = "gnu++0x";
				CLANG_CXX_LIBRARY = "libc++";
				CLANG_ENABLE_MODULES = YES;
				CLANG_ENABLE_OBJC_ARC = YES;
				CLANG_WARN_BOOL_CONVERSION = YES;
				CLANG_WARN_CONSTANT_CONVERSION = YES;
				CLANG_WARN_DIRECT_OBJC_ISA_USAGE = YES_ERROR;
				CLANG_WARN_EMPTY_BODY = YES;
				CLANG_WARN_ENUM_CONVERSION = YES;
				CLANG_WARN_INT_CONVERSION = YES;
				CLANG_WARN_OBJC_ROOT_CLASS = YES_ERROR;
				CLANG_WARN_UNREACHABLE_CODE = YES;
				CLANG_WARN__DUPLICATE_METHOD_MATCH = YES;
				"CODE_SIGN_IDENTITY[sdk=iphoneos*]" = "iPhone Developer";
				COPY_PHASE_STRIP = NO;
				DEBUG_INFORMATION_FORMAT = "dwarf-with-dsym";
				ENABLE_STRICT_OBJC_MSGSEND = YES;
				GCC_C_LANGUAGE_STANDARD = gnu99;
				GCC_DYNAMIC_NO_PIC = NO;
				GCC_NO_COMMON_BLOCKS = YES;
				GCC_OPTIMIZATION_LEVEL = 0;
				GCC_PREPROCESSOR_DEFINITIONS = (
					"DEBUG=1",
					"$(inherited)",
				);
				GCC_SYMBOLS_PRIVATE_EXTERN = NO;
				GCC_WARN_64_TO_32_BIT_CONVERSION = YES;
				GCC_WARN_ABOUT_RETURN_TYPE = YES_ERROR;
				GCC_WARN_UNDECLARED_SELECTOR = YES;
				GCC_WARN_UNINITIALIZED_AUTOS = YES_AGGRESSIVE;
				GCC_WARN_UNUSED_FUNCTION = YES;
				GCC_WARN_UNUSED_VARIABLE = YES;
				IPHONEOS_DEPLOYMENT_TARGET = 8.3;
				MTL_ENABLE_DEBUG_INFO = YES;
				ONLY_ACTIVE_ARCH = YES;
				SDKROOT = iphoneos;
				TARGETED_DEVICE_FAMILY = "1,2";
			};
			name = Debug;
		};
		CF455FEB1B05AC8C00754989 /* Release */ = {
			isa = XCBuildConfiguration;
			buildSettings = {
				ALWAYS_SEARCH_USER_PATHS = NO;
				CLANG_CXX_LANGUAGE_STANDARD = "gnu++0x";
				CLANG_CXX_LIBRARY = "libc++";
				CLANG_ENABLE_MODULES = YES;
				CLANG_ENABLE_OBJC_ARC = YES;
				CLANG_WARN_BOOL_CONVERSION = YES;
				CLANG_WARN_CONSTANT_CONVERSION = YES;
				CLANG_WARN_DIRECT_OBJC_ISA_USAGE = YES_ERROR;
				CLANG_WARN_EMPTY_BODY = YES;
				CLANG_WARN_ENUM_CONVERSION = YES;
				CLANG_WARN_INT_CONVERSION = YES;
				CLANG_WARN_OBJC_ROOT_CLASS = YES_ERROR;
				CLANG_WARN_UNREACHABLE_CODE = YES;
				CLANG_WARN__DUPLICATE_METHOD_MATCH = YES;
				"CODE_SIGN_IDENTITY[sdk=iphoneos*]" = "iPhone Developer";
				COPY_PHASE_STRIP = NO;
				DEBUG_INFORMATION_FORMAT = "dwarf-with-dsym";
				ENABLE_NS_ASSERTIONS = NO;
				ENABLE_STRICT_OBJC_MSGSEND = YES;
				GCC_C_LANGUAGE_STANDARD = gnu99;
				GCC_NO_COMMON_BLOCKS = YES;
				GCC_WARN_64_TO_32_BIT_CONVERSION = YES;
				GCC_WARN_ABOUT_RETURN_TYPE = YES_ERROR;
				GCC_WARN_UNDECLARED_SELECTOR = YES;
				GCC_WARN_UNINITIALIZED_AUTOS = YES_AGGRESSIVE;
				GCC_WARN_UNUSED_FUNCTION = YES;
				GCC_WARN_UNUSED_VARIABLE = YES;
				IPHONEOS_DEPLOYMENT_TARGET = 8.3;
				MTL_ENABLE_DEBUG_INFO = NO;
				SDKROOT = iphoneos;
				TARGETED_DEVICE_FAMILY = "1,2";
				VALIDATE_PRODUCT = YES;
			};
			name = Release;
		};
		CF455FED1B05AC8C00754989 /* Debug */ = {
			isa = XCBuildConfiguration;
			buildSettings = {
				ASSETCATALOG_COMPILER_APPICON_NAME = AppIcon;
				INFOPLIST_FILE = TabbedAnimations/Info.plist;
				LD_RUNPATH_SEARCH_PATHS = "$(inherited) @executable_path/Frameworks";
				PRODUCT_NAME = "$(TARGET_NAME)";
			};
			name = Debug;
		};
		CF455FEE1B05AC8C00754989 /* Release */ = {
			isa = XCBuildConfiguration;
			buildSettings = {
				ASSETCATALOG_COMPILER_APPICON_NAME = AppIcon;
				INFOPLIST_FILE = TabbedAnimations/Info.plist;
				LD_RUNPATH_SEARCH_PATHS = "$(inherited) @executable_path/Frameworks";
				PRODUCT_NAME = "$(TARGET_NAME)";
			};
			name = Release;
		};
		CF455FF01B05AC8C00754989 /* Debug */ = {
			isa = XCBuildConfiguration;
			buildSettings = {
				BUNDLE_LOADER = "$(TEST_HOST)";
				FRAMEWORK_SEARCH_PATHS = (
					"$(SDKROOT)/Developer/Library/Frameworks",
					"$(inherited)",
				);
				GCC_PREPROCESSOR_DEFINITIONS = (
					"DEBUG=1",
					"$(inherited)",
				);
				INFOPLIST_FILE = TabbedAnimationsTests/Info.plist;
				LD_RUNPATH_SEARCH_PATHS = "$(inherited) @executable_path/Frameworks @loader_path/Frameworks";
				PRODUCT_NAME = "$(TARGET_NAME)";
				TEST_HOST = "$(BUILT_PRODUCTS_DIR)/TabbedAnimations.app/TabbedAnimations";
			};
			name = Debug;
		};
		CF455FF11B05AC8C00754989 /* Release */ = {
			isa = XCBuildConfiguration;
			buildSettings = {
				BUNDLE_LOADER = "$(TEST_HOST)";
				FRAMEWORK_SEARCH_PATHS = (
					"$(SDKROOT)/Developer/Library/Frameworks",
					"$(inherited)",
				);
				INFOPLIST_FILE = TabbedAnimationsTests/Info.plist;
				LD_RUNPATH_SEARCH_PATHS = "$(inherited) @executable_path/Frameworks @loader_path/Frameworks";
				PRODUCT_NAME = "$(TARGET_NAME)";
				TEST_HOST = "$(BUILT_PRODUCTS_DIR)/TabbedAnimations.app/TabbedAnimations";
			};
			name = Release;
		};
/* End XCBuildConfiguration section */

/* Begin XCConfigurationList section */
		CF455FC11B05AC8C00754989 /* Build configuration list for PBXProject "TabbedAnimations" */ = {
			isa = XCConfigurationList;
			buildConfigurations = (
				CF455FEA1B05AC8C00754989 /* Debug */,
				CF455FEB1B05AC8C00754989 /* Release */,
			);
			defaultConfigurationIsVisible = 0;
			defaultConfigurationName = Release;
		};
		CF455FEC1B05AC8C00754989 /* Build configuration list for PBXNativeTarget "TabbedAnimations" */ = {
			isa = XCConfigurationList;
			buildConfigurations = (
				CF455FED1B05AC8C00754989 /* Debug */,
				CF455FEE1B05AC8C00754989 /* Release */,
			);
			defaultConfigurationIsVisible = 0;
		};
		CF455FEF1B05AC8C00754989 /* Build configuration list for PBXNativeTarget "TabbedAnimationsTests" */ = {
			isa = XCConfigurationList;
			buildConfigurations = (
				CF455FF01B05AC8C00754989 /* Debug */,
				CF455FF11B05AC8C00754989 /* Release */,
			);
			defaultConfigurationIsVisible = 0;
		};
/* End XCConfigurationList section */
	};
	rootObject = CF455FBE1B05AC8C00754989 /* Project object */;
}
